
Microsoft Visual Studio Solution File, Format Version 12.00
# Visual Studio 15
VisualStudioVersion = 15.0.26730.3
MinimumVisualStudioVersion = 10.0.40219.1
Project("{FAE04EC0-301F-11D3-BF4B-00C04F79EFBC}") = "SoundDataUtils", "SoundDataUtils\SoundDataUtils.csproj", "{56E96119-7B12-4E47-AA21-19A27ED6489B}"
EndProject
Global
	GlobalSection(SolutionConfigurationPlatforms) = preSolution
		Debug|Any CPU = Debug|Any CPU
		Release|Any CPU = Release|Any CPU
	EndGlobalSection
	GlobalSection(ProjectConfigurationPlatforms) = postSolution
		{56E96119-7B12-4E47-AA21-19A27ED6489B}.Debug|Any CPU.ActiveCfg = Debug|Any CPU
		{56E96119-7B12-4E47-AA21-19A27ED6489B}.Debug|Any CPU.Build.0 = Debug|Any CPU
		{56E96119-7B12-4E47-AA21-19A27ED6489B}.Release|Any CPU.ActiveCfg = Release|Any CPU
		{56E96119-7B12-4E47-AA21-19A27ED6489B}.Release|Any CPU.Build.0 = Release|Any CPU
	EndGlobalSection
	GlobalSection(SolutionProperties) = preSolution
		HideSolutionNode = FALSE
	EndGlobalSection
	GlobalSection(ExtensibilityGlobals) = postSolution
		SolutionGuid = {6AED9ED9-F6BD-4E11-B4DA-6E09F9191C23}
	EndGlobalSection
EndGlobal
